
Microsoft Visual Studio Solution File, Format Version 12.00
Project("{FAE04EC0-301F-11D3-BF4B-00C04F79EFBC}") = "BeerlandWeb", "BeerlandWeb\BeerlandWeb.csproj", "{113E9CBF-5135-4F67-B603-3C5390DD612A}"
EndProject
Project("{FAE04EC0-301F-11D3-BF4B-00C04F79EFBC}") = "BLL", "BLL\BLL.csproj", "{719EFEB3-4CB8-43F5-B85F-CB69CAA19DE2}"
EndProject
Project("{FAE04EC0-301F-11D3-BF4B-00C04F79EFBC}") = "DAL", "DAL\DAL.csproj", "{61185B25-0E8B-4A07-BE52-E137E22F2D91}"
EndProject
Global
	GlobalSection(SolutionConfigurationPlatforms) = preSolution
		Debug|Any CPU = Debug|Any CPU
		Release|Any CPU = Release|Any CPU
	EndGlobalSection
	GlobalSection(ProjectConfigurationPlatforms) = postSolution
		{113E9CBF-5135-4F67-B603-3C5390DD612A}.Debug|Any CPU.ActiveCfg = Debug|Any CPU
		{113E9CBF-5135-4F67-B603-3C5390DD612A}.Debug|Any CPU.Build.0 = Debug|Any CPU
		{113E9CBF-5135-4F67-B603-3C5390DD612A}.Release|Any CPU.ActiveCfg = Release|Any CPU
		{113E9CBF-5135-4F67-B603-3C5390DD612A}.Release|Any CPU.Build.0 = Release|Any CPU
		{719EFEB3-4CB8-43F5-B85F-CB69CAA19DE2}.Debug|Any CPU.ActiveCfg = Debug|Any CPU
		{719EFEB3-4CB8-43F5-B85F-CB69CAA19DE2}.Debug|Any CPU.Build.0 = Debug|Any CPU
		{719EFEB3-4CB8-43F5-B85F-CB69CAA19DE2}.Release|Any CPU.ActiveCfg = Release|Any CPU
		{719EFEB3-4CB8-43F5-B85F-CB69CAA19DE2}.Release|Any CPU.Build.0 = Release|Any CPU
		{61185B25-0E8B-4A07-BE52-E137E22F2D91}.Debug|Any CPU.ActiveCfg = Debug|Any CPU
		{61185B25-0E8B-4A07-BE52-E137E22F2D91}.Debug|Any CPU.Build.0 = Debug|Any CPU
		{61185B25-0E8B-4A07-BE52-E137E22F2D91}.Release|Any CPU.ActiveCfg = Release|Any CPU
		{61185B25-0E8B-4A07-BE52-E137E22F2D91}.Release|Any CPU.Build.0 = Release|Any CPU
	EndGlobalSection
EndGlobal
